// !$*UTF8*$!
{
	archiveVersion = 1;
	classes = {
	};
	objectVersion = 46;
	objects = {

/* Begin PBXBuildFile section */
		64500B471E5803A800B2B9C9 /* AppDelegate.swift in Sources */ = {isa = PBXBuildFile; fileRef = 64500B461E5803A800B2B9C9 /* AppDelegate.swift */; };
		64500B491E5803A800B2B9C9 /* ViewController.swift in Sources */ = {isa = PBXBuildFile; fileRef = 64500B481E5803A800B2B9C9 /* ViewController.swift */; };
		64500B4C1E5803A800B2B9C9 /* Main.storyboard in Resources */ = {isa = PBXBuildFile; fileRef = 64500B4A1E5803A800B2B9C9 /* Main.storyboard */; };
		64500B4E1E5803A800B2B9C9 /* Assets.xcassets in Resources */ = {isa = PBXBuildFile; fileRef = 64500B4D1E5803A800B2B9C9 /* Assets.xcassets */; };
		64500B511E5803A800B2B9C9 /* LaunchScreen.storyboard in Resources */ = {isa = PBXBuildFile; fileRef = 64500B4F1E5803A800B2B9C9 /* LaunchScreen.storyboard */; };
		64500B5C1E5803A900B2B9C9 /* Tip_CalculatorTests.swift in Sources */ = {isa = PBXBuildFile; fileRef = 64500B5B1E5803A900B2B9C9 /* Tip_CalculatorTests.swift */; };
		64500B671E5803A900B2B9C9 /* Tip_CalculatorUITests.swift in Sources */ = {isa = PBXBuildFile; fileRef = 64500B661E5803A900B2B9C9 /* Tip_CalculatorUITests.swift */; };
		64500B751E59335D00B2B9C9 /* SettingsViewController.swift in Sources */ = {isa = PBXBuildFile; fileRef = 64500B741E59335D00B2B9C9 /* SettingsViewController.swift */; };
/* End PBXBuildFile section */

/* Begin PBXContainerItemProxy section */
		64500B581E5803A900B2B9C9 /* PBXContainerItemProxy */ = {
			isa = PBXContainerItemProxy;
			containerPortal = 64500B3B1E5803A700B2B9C9 /* Project object */;
			proxyType = 1;
			remoteGlobalIDString = 64500B421E5803A700B2B9C9;
			remoteInfo = "Tip Calculator";
		};
		64500B631E5803A900B2B9C9 /* PBXContainerItemProxy */ = {
			isa = PBXContainerItemProxy;
			containerPortal = 64500B3B1E5803A700B2B9C9 /* Project object */;
			proxyType = 1;
			remoteGlobalIDString = 64500B421E5803A700B2B9C9;
			remoteInfo = "Tip Calculator";
		};
/* End PBXContainerItemProxy section */

/* Begin PBXFileReference section */
		64500B431E5803A800B2B9C9 /* Tip Calculator.app */ = {isa = PBXFileReference; explicitFileType = wrapper.application; includeInIndex = 0; path = "Tip Calculator.app"; sourceTree = BUILT_PRODUCTS_DIR; };
		64500B461E5803A800B2B9C9 /* AppDelegate.swift */ = {isa = PBXFileReference; lastKnownFileType = sourcecode.swift; path = AppDelegate.swift; sourceTree = "<group>"; };
		64500B481E5803A800B2B9C9 /* ViewController.swift */ = {isa = PBXFileReference; lastKnownFileType = sourcecode.swift; path = ViewController.swift; sourceTree = "<group>"; };
		64500B4B1E5803A800B2B9C9 /* Base */ = {isa = PBXFileReference; lastKnownFileType = file.storyboard; name = Base; path = Base.lproj/Main.storyboard; sourceTree = "<group>"; };
		64500B4D1E5803A800B2B9C9 /* Assets.xcassets */ = {isa = PBXFileReference; lastKnownFileType = folder.assetcatalog; path = Assets.xcassets; sourceTree = "<group>"; };
		64500B501E5803A800B2B9C9 /* Base */ = {isa = PBXFileReference; lastKnownFileType = file.storyboard; name = Base; path = Base.lproj/LaunchScreen.storyboard; sourceTree = "<group>"; };
		64500B521E5803A800B2B9C9 /* Info.plist */ = {isa = PBXFileReference; lastKnownFileType = text.plist.xml; path = Info.plist; sourceTree = "<group>"; };
		64500B571E5803A900B2B9C9 /* Tip CalculatorTests.xctest */ = {isa = PBXFileReference; explicitFileType = wrapper.cfbundle; includeInIndex = 0; path = "Tip CalculatorTests.xctest"; sourceTree = BUILT_PRODUCTS_DIR; };
		64500B5B1E5803A900B2B9C9 /* Tip_CalculatorTests.swift */ = {isa = PBXFileReference; lastKnownFileType = sourcecode.swift; path = Tip_CalculatorTests.swift; sourceTree = "<group>"; };
		64500B5D1E5803A900B2B9C9 /* Info.plist */ = {isa = PBXFileReference; lastKnownFileType = text.plist.xml; path = Info.plist; sourceTree = "<group>"; };
		64500B621E5803A900B2B9C9 /* Tip CalculatorUITests.xctest */ = {isa = PBXFileReference; explicitFileType = wrapper.cfbundle; includeInIndex = 0; path = "Tip CalculatorUITests.xctest"; sourceTree = BUILT_PRODUCTS_DIR; };
		64500B661E5803A900B2B9C9 /* Tip_CalculatorUITests.swift */ = {isa = PBXFileReference; lastKnownFileType = sourcecode.swift; path = Tip_CalculatorUITests.swift; sourceTree = "<group>"; };
		64500B681E5803A900B2B9C9 /* Info.plist */ = {isa = PBXFileReference; lastKnownFileType = text.plist.xml; path = Info.plist; sourceTree = "<group>"; };
		64500B741E59335D00B2B9C9 /* SettingsViewController.swift */ = {isa = PBXFileReference; fileEncoding = 4; lastKnownFileType = sourcecode.swift; path = SettingsViewController.swift; sourceTree = "<group>"; };
/* End PBXFileReference section */

/* Begin PBXFrameworksBuildPhase section */
		64500B401E5803A700B2B9C9 /* Frameworks */ = {
			isa = PBXFrameworksBuildPhase;
			buildActionMask = 2147483647;
			files = (
			);
			runOnlyForDeploymentPostprocessing = 0;
		};
		64500B541E5803A900B2B9C9 /* Frameworks */ = {
			isa = PBXFrameworksBuildPhase;
			buildActionMask = 2147483647;
			files = (
			);
			runOnlyForDeploymentPostprocessing = 0;
		};
		64500B5F1E5803A900B2B9C9 /* Frameworks */ = {
			isa = PBXFrameworksBuildPhase;
			buildActionMask = 2147483647;
			files = (
			);
			runOnlyForDeploymentPostprocessing = 0;
		};
/* End PBXFrameworksBuildPhase section */

/* Begin PBXGroup section */
		64500B3A1E5803A700B2B9C9 = {
			isa = PBXGroup;
			children = (
				64500B451E5803A800B2B9C9 /* Tip Calculator */,
				64500B5A1E5803A900B2B9C9 /* Tip CalculatorTests */,
				64500B651E5803A900B2B9C9 /* Tip CalculatorUITests */,
				64500B441E5803A800B2B9C9 /* Products */,
			);
			sourceTree = "<group>";
		};
		64500B441E5803A800B2B9C9 /* Products */ = {
			isa = PBXGroup;
			children = (
				64500B431E5803A800B2B9C9 /* Tip Calculator.app */,
				64500B571E5803A900B2B9C9 /* Tip CalculatorTests.xctest */,
				64500B621E5803A900B2B9C9 /* Tip CalculatorUITests.xctest */,
			);
			name = Products;
			sourceTree = "<group>";
		};
		64500B451E5803A800B2B9C9 /* Tip Calculator */ = {
			isa = PBXGroup;
			children = (
				64500B461E5803A800B2B9C9 /* AppDelegate.swift */,
				64500B481E5803A800B2B9C9 /* ViewController.swift */,
				64500B4A1E5803A800B2B9C9 /* Main.storyboard */,
				64500B741E59335D00B2B9C9 /* SettingsViewController.swift */,
				64500B4D1E5803A800B2B9C9 /* Assets.xcassets */,
				64500B4F1E5803A800B2B9C9 /* LaunchScreen.storyboard */,
				64500B521E5803A800B2B9C9 /* Info.plist */,
			);
			path = "Tip Calculator";
			sourceTree = "<group>";
		};
		64500B5A1E5803A900B2B9C9 /* Tip CalculatorTests */ = {
			isa = PBXGroup;
			children = (
				64500B5B1E5803A900B2B9C9 /* Tip_CalculatorTests.swift */,
				64500B5D1E5803A900B2B9C9 /* Info.plist */,
			);
			path = "Tip CalculatorTests";
			sourceTree = "<group>";
		};
		64500B651E5803A900B2B9C9 /* Tip CalculatorUITests */ = {
			isa = PBXGroup;
			children = (
				64500B661E5803A900B2B9C9 /* Tip_CalculatorUITests.swift */,
				64500B681E5803A900B2B9C9 /* Info.plist */,
			);
			path = "Tip CalculatorUITests";
			sourceTree = "<group>";
		};
/* End PBXGroup section */

/* Begin PBXNativeTarget section */
		64500B421E5803A700B2B9C9 /* Tip Calculator */ = {
			isa = PBXNativeTarget;
			buildConfigurationList = 64500B6B1E5803A900B2B9C9 /* Build configuration list for PBXNativeTarget "Tip Calculator" */;
			buildPhases = (
				64500B3F1E5803A700B2B9C9 /* Sources */,
				64500B401E5803A700B2B9C9 /* Frameworks */,
				64500B411E5803A700B2B9C9 /* Resources */,
			);
			buildRules = (
			);
			dependencies = (
			);
			name = "Tip Calculator";
			productName = "Tip Calculator";
			productReference = 64500B431E5803A800B2B9C9 /* Tip Calculator.app */;
			productType = "com.apple.product-type.application";
		};
		64500B561E5803A900B2B9C9 /* Tip CalculatorTests */ = {
			isa = PBXNativeTarget;
			buildConfigurationList = 64500B6E1E5803A900B2B9C9 /* Build configuration list for PBXNativeTarget "Tip CalculatorTests" */;
			buildPhases = (
				64500B531E5803A900B2B9C9 /* Sources */,
				64500B541E5803A900B2B9C9 /* Frameworks */,
				64500B551E5803A900B2B9C9 /* Resources */,
			);
			buildRules = (
			);
			dependencies = (
				64500B591E5803A900B2B9C9 /* PBXTargetDependency */,
			);
			name = "Tip CalculatorTests";
			productName = "Tip CalculatorTests";
			productReference = 64500B571E5803A900B2B9C9 /* Tip CalculatorTests.xctest */;
			productType = "com.apple.product-type.bundle.unit-test";
		};
		64500B611E5803A900B2B9C9 /* Tip CalculatorUITests */ = {
			isa = PBXNativeTarget;
			buildConfigurationList = 64500B711E5803A900B2B9C9 /* Build configuration list for PBXNativeTarget "Tip CalculatorUITests" */;
			buildPhases = (
				64500B5E1E5803A900B2B9C9 /* Sources */,
				64500B5F1E5803A900B2B9C9 /* Frameworks */,
				64500B601E5803A900B2B9C9 /* Resources */,
			);
			buildRules = (
			);
			dependencies = (
				64500B641E5803A900B2B9C9 /* PBXTargetDependency */,
			);
			name = "Tip CalculatorUITests";
			productName = "Tip CalculatorUITests";
			productReference = 64500B621E5803A900B2B9C9 /* Tip CalculatorUITests.xctest */;
			productType = "com.apple.product-type.bundle.ui-testing";
		};
/* End PBXNativeTarget section */

/* Begin PBXProject section */
		64500B3B1E5803A700B2B9C9 /* Project object */ = {
			isa = PBXProject;
			attributes = {
				LastSwiftUpdateCheck = 0820;
				LastUpgradeCheck = 0820;
				ORGANIZATIONNAME = waldensamkeit;
				TargetAttributes = {
					64500B421E5803A700B2B9C9 = {
						CreatedOnToolsVersion = 8.2.1;
						ProvisioningStyle = Automatic;
					};
					64500B561E5803A900B2B9C9 = {
						CreatedOnToolsVersion = 8.2.1;
						ProvisioningStyle = Automatic;
						TestTargetID = 64500B421E5803A700B2B9C9;
					};
					64500B611E5803A900B2B9C9 = {
						CreatedOnToolsVersion = 8.2.1;
						ProvisioningStyle = Automatic;
						TestTargetID = 64500B421E5803A700B2B9C9;
					};
				};
			};
			buildConfigurationList = 64500B3E1E5803A700B2B9C9 /* Build configuration list for PBXProject "Tip Calculator" */;
			compatibilityVersion = "Xcode 3.2";
			developmentRegion = English;
			hasScannedForEncodings = 0;
			knownRegions = (
				en,
				Base,
			);
			mainGroup = 64500B3A1E5803A700B2B9C9;
			productRefGroup = 64500B441E5803A800B2B9C9 /* Products */;
			projectDirPath = "";
			projectRoot = "";
			targets = (
				64500B421E5803A700B2B9C9 /* Tip Calculator */,
				64500B561E5803A900B2B9C9 /* Tip CalculatorTests */,
				64500B611E5803A900B2B9C9 /* Tip CalculatorUITests */,
			);
		};
/* End PBXProject section */

/* Begin PBXResourcesBuildPhase section */
		64500B411E5803A700B2B9C9 /* Resources */ = {
			isa = PBXResourcesBuildPhase;
			buildActionMask = 2147483647;
			files = (
				64500B511E5803A800B2B9C9 /* LaunchScreen.storyboard in Resources */,
				64500B4E1E5803A800B2B9C9 /* Assets.xcassets in Resources */,
				64500B4C1E5803A800B2B9C9 /* Main.storyboard in Resources */,
			);
			runOnlyForDeploymentPostprocessing = 0;
		};
		64500B551E5803A900B2B9C9 /* Resources */ = {
			isa = PBXResourcesBuildPhase;
			buildActionMask = 2147483647;
			files = (
			);
			runOnlyForDeploymentPostprocessing = 0;
		};
		64500B601E5803A900B2B9C9 /* Resources */ = {
			isa = PBXResourcesBuildPhase;
			buildActionMask = 2147483647;
			files = (
			);
			runOnlyForDeploymentPostprocessing = 0;
		};
/* End PBXResourcesBuildPhase section */

/* Begin PBXSourcesBuildPhase section */
		64500B3F1E5803A700B2B9C9 /* Sources */ = {
			isa = PBXSourcesBuildPhase;
			buildActionMask = 2147483647;
			files = (
				64500B491E5803A800B2B9C9 /* ViewController.swift in Sources */,
				64500B471E5803A800B2B9C9 /* AppDelegate.swift in Sources */,
				64500B751E59335D00B2B9C9 /* SettingsViewController.swift in Sources */,
			);
			runOnlyForDeploymentPostprocessing = 0;
		};
		64500B531E5803A900B2B9C9 /* Sources */ = {
			isa = PBXSourcesBuildPhase;
			buildActionMask = 2147483647;
			files = (
				64500B5C1E5803A900B2B9C9 /* Tip_CalculatorTests.swift in Sources */,
			);
			runOnlyForDeploymentPostprocessing = 0;
		};
		64500B5E1E5803A900B2B9C9 /* Sources */ = {
			isa = PBXSourcesBuildPhase;
			buildActionMask = 2147483647;
			files = (
				64500B671E5803A900B2B9C9 /* Tip_CalculatorUITests.swift in Sources */,
			);
			runOnlyForDeploymentPostprocessing = 0;
		};
/* End PBXSourcesBuildPhase section */

/* Begin PBXTargetDependency section */
		64500B591E5803A900B2B9C9 /* PBXTargetDependency */ = {
			isa = PBXTargetDependency;
			target = 64500B421E5803A700B2B9C9 /* Tip Calculator */;
			targetProxy = 64500B581E5803A900B2B9C9 /* PBXContainerItemProxy */;
		};
		64500B641E5803A900B2B9C9 /* PBXTargetDependency */ = {
			isa = PBXTargetDependency;
			target = 64500B421E5803A700B2B9C9 /* Tip Calculator */;
			targetProxy = 64500B631E5803A900B2B9C9 /* PBXContainerItemProxy */;
		};
/* End PBXTargetDependency section */

/* Begin PBXVariantGroup section */
		64500B4A1E5803A800B2B9C9 /* Main.storyboard */ = {
			isa = PBXVariantGroup;
			children = (
				64500B4B1E5803A800B2B9C9 /* Base */,
			);
			name = Main.storyboard;
			sourceTree = "<group>";
		};
		64500B4F1E5803A800B2B9C9 /* LaunchScreen.storyboard */ = {
			isa = PBXVariantGroup;
			children = (
				64500B501E5803A800B2B9C9 /* Base */,
			);
			name = LaunchScreen.storyboard;
			sourceTree = "<group>";
		};
/* End PBXVariantGroup section */

/* Begin XCBuildConfiguration section */
		64500B691E5803A900B2B9C9 /* Debug */ = {
			isa = XCBuildConfiguration;
			buildSettings = {
				ALWAYS_SEARCH_USER_PATHS = NO;
				CLANG_ANALYZER_NONNULL = YES;
				CLANG_CXX_LANGUAGE_STANDARD = "gnu++0x";
				CLANG_CXX_LIBRARY = "libc++";
				CLANG_ENABLE_MODULES = YES;
				CLANG_ENABLE_OBJC_ARC = YES;
				CLANG_WARN_BOOL_CONVERSION = YES;
				CLANG_WARN_CONSTANT_CONVERSION = YES;
				CLANG_WARN_DIRECT_OBJC_ISA_USAGE = YES_ERROR;
				CLANG_WARN_DOCUMENTATION_COMMENTS = YES;
				CLANG_WARN_EMPTY_BODY = YES;
				CLANG_WARN_ENUM_CONVERSION = YES;
				CLANG_WARN_INFINITE_RECURSION = YES;
				CLANG_WARN_INT_CONVERSION = YES;
				CLANG_WARN_OBJC_ROOT_CLASS = YES_ERROR;
				CLANG_WARN_SUSPICIOUS_MOVE = YES;
				CLANG_WARN_UNREACHABLE_CODE = YES;
				CLANG_WARN__DUPLICATE_METHOD_MATCH = YES;
				"CODE_SIGN_IDENTITY[sdk=iphoneos*]" = "iPhone Developer";
				COPY_PHASE_STRIP = NO;
				DEBUG_INFORMATION_FORMAT = dwarf;
				ENABLE_STRICT_OBJC_MSGSEND = YES;
				ENABLE_TESTABILITY = YES;
				GCC_C_LANGUAGE_STANDARD = gnu99;
				GCC_DYNAMIC_NO_PIC = NO;
				GCC_NO_COMMON_BLOCKS = YES;
				GCC_OPTIMIZATION_LEVEL = 0;
				GCC_PREPROCESSOR_DEFINITIONS = (
					"DEBUG=1",
					"$(inherited)",
				);
				GCC_WARN_64_TO_32_BIT_CONVERSION = YES;
				GCC_WARN_ABOUT_RETURN_TYPE = YES_ERROR;
				GCC_WARN_UNDECLARED_SELECTOR = YES;
				GCC_WARN_UNINITIALIZED_AUTOS = YES_AGGRESSIVE;
				GCC_WARN_UNUSED_FUNCTION = YES;
				GCC_WARN_UNUSED_VARIABLE = YES;
				IPHONEOS_DEPLOYMENT_TARGET = 10.2;
				MTL_ENABLE_DEBUG_INFO = YES;
				ONLY_ACTIVE_ARCH = YES;
				SDKROOT = iphoneos;
				SWIFT_ACTIVE_COMPILATION_CONDITIONS = DEBUG;
				SWIFT_OPTIMIZATION_LEVEL = "-Onone";
			};
			name = Debug;
		};
		64500B6A1E5803A900B2B9C9 /* Release */ = {
			isa = XCBuildConfiguration;
			buildSettings = {
				ALWAYS_SEARCH_USER_PATHS = NO;
				CLANG_ANALYZER_NONNULL = YES;
				CLANG_CXX_LANGUAGE_STANDARD = "gnu++0x";
				CLANG_CXX_LIBRARY = "libc++";
				CLANG_ENABLE_MODULES = YES;
				CLANG_ENABLE_OBJC_ARC = YES;
				CLANG_WARN_BOOL_CONVERSION = YES;
				CLANG_WARN_CONSTANT_CONVERSION = YES;
				CLANG_WARN_DIRECT_OBJC_ISA_USAGE = YES_ERROR;
				CLANG_WARN_DOCUMENTATION_COMMENTS = YES;
				CLANG_WARN_EMPTY_BODY = YES;
				CLANG_WARN_ENUM_CONVERSION = YES;
				CLANG_WARN_INFINITE_RECURSION = YES;
				CLANG_WARN_INT_CONVERSION = YES;
				CLANG_WARN_OBJC_ROOT_CLASS = YES_ERROR;
				CLANG_WARN_SUSPICIOUS_MOVE = YES;
				CLANG_WARN_UNREACHABLE_CODE = YES;
				CLANG_WARN__DUPLICATE_METHOD_MATCH = YES;
				"CODE_SIGN_IDENTITY[sdk=iphoneos*]" = "iPhone Developer";
				COPY_PHASE_STRIP = NO;
				DEBUG_INFORMATION_FORMAT = "dwarf-with-dsym";
				ENABLE_NS_ASSERTIONS = NO;
				ENABLE_STRICT_OBJC_MSGSEND = YES;
				GCC_C_LANGUAGE_STANDARD = gnu99;
				GCC_NO_COMMON_BLOCKS = YES;
				GCC_WARN_64_TO_32_BIT_CONVERSION = YES;
				GCC_WARN_ABOUT_RETURN_TYPE = YES_ERROR;
				GCC_WARN_UNDECLARED_SELECTOR = YES;
				GCC_WARN_UNINITIALIZED_AUTOS = YES_AGGRESSIVE;
				GCC_WARN_UNUSED_FUNCTION = YES;
				GCC_WARN_UNUSED_VARIABLE = YES;
				IPHONEOS_DEPLOYMENT_TARGET = 10.2;
				MTL_ENABLE_DEBUG_INFO = NO;
				SDKROOT = iphoneos;
				SWIFT_OPTIMIZATION_LEVEL = "-Owholemodule";
				VALIDATE_PRODUCT = YES;
			};
			name = Release;
		};
		64500B6C1E5803A900B2B9C9 /* Debug */ = {
			isa = XCBuildConfiguration;
			buildSettings = {
				ASSETCATALOG_COMPILER_APPICON_NAME = AppIcon;
				INFOPLIST_FILE = "Tip Calculator/Info.plist";
				LD_RUNPATH_SEARCH_PATHS = "$(inherited) @executable_path/Frameworks";
				PRODUCT_BUNDLE_IDENTIFIER = "walden.Tip-Calculator";
				PRODUCT_NAME = "$(TARGET_NAME)";
				SWIFT_VERSION = 3.0;
			};
			name = Debug;
		};
		64500B6D1E5803A900B2B9C9 /* Release */ = {
			isa = XCBuildConfiguration;
			buildSettings = {
				ASSETCATALOG_COMPILER_APPICON_NAME = AppIcon;
				INFOPLIST_FILE = "Tip Calculator/Info.plist";
				LD_RUNPATH_SEARCH_PATHS = "$(inherited) @executable_path/Frameworks";
				PRODUCT_BUNDLE_IDENTIFIER = "walden.Tip-Calculator";
				PRODUCT_NAME = "$(TARGET_NAME)";
				SWIFT_VERSION = 3.0;
			};
			name = Release;
		};
		64500B6F1E5803A900B2B9C9 /* Debug */ = {
			isa = XCBuildConfiguration;
			buildSettings = {
				ALWAYS_EMBED_SWIFT_STANDARD_LIBRARIES = YES;
				BUNDLE_LOADER = "$(TEST_HOST)";
				INFOPLIST_FILE = "Tip CalculatorTests/Info.plist";
				LD_RUNPATH_SEARCH_PATHS = "$(inherited) @executable_path/Frameworks @loader_path/Frameworks";
				PRODUCT_BUNDLE_IDENTIFIER = "walden.Tip-CalculatorTests";
				PRODUCT_NAME = "$(TARGET_NAME)";
				SWIFT_VERSION = 3.0;
				TEST_HOST = "$(BUILT_PRODUCTS_DIR)/Tip Calculator.app/Tip Calculator";
			};
			name = Debug;
		};
		64500B701E5803A900B2B9C9 /* Release */ = {
			isa = XCBuildConfiguration;
			buildSettings = {
				ALWAYS_EMBED_SWIFT_STANDARD_LIBRARIES = YES;
				BUNDLE_LOADER = "$(TEST_HOST)";
				INFOPLIST_FILE = "Tip CalculatorTests/Info.plist";
				LD_RUNPATH_SEARCH_PATHS = "$(inherited) @executable_path/Frameworks @loader_path/Frameworks";
				PRODUCT_BUNDLE_IDENTIFIER = "walden.Tip-CalculatorTests";
				PRODUCT_NAME = "$(TARGET_NAME)";
				SWIFT_VERSION = 3.0;
				TEST_HOST = "$(BUILT_PRODUCTS_DIR)/Tip Calculator.app/Tip Calculator";
			};
			name = Release;
		};
		64500B721E5803A900B2B9C9 /* Debug */ = {
			isa = XCBuildConfiguration;
			buildSettings = {
				ALWAYS_EMBED_SWIFT_STANDARD_LIBRARIES = YES;
				INFOPLIST_FILE = "Tip CalculatorUITests/Info.plist";
				LD_RUNPATH_SEARCH_PATHS = "$(inherited) @executable_path/Frameworks @loader_path/Frameworks";
				PRODUCT_BUNDLE_IDENTIFIER = "walden.Tip-CalculatorUITests";
				PRODUCT_NAME = "$(TARGET_NAME)";
				SWIFT_VERSION = 3.0;
				TEST_TARGET_NAME = "Tip Calculator";
			};
			name = Debug;
		};
		64500B731E5803A900B2B9C9 /* Release */ = {
			isa = XCBuildConfiguration;
			buildSettings = {
				ALWAYS_EMBED_SWIFT_STANDARD_LIBRARIES = YES;
				INFOPLIST_FILE = "Tip CalculatorUITests/Info.plist";
				LD_RUNPATH_SEARCH_PATHS = "$(inherited) @executable_path/Frameworks @loader_path/Frameworks";
				PRODUCT_BUNDLE_IDENTIFIER = "walden.Tip-CalculatorUITests";
				PRODUCT_NAME = "$(TARGET_NAME)";
				SWIFT_VERSION = 3.0;
				TEST_TARGET_NAME = "Tip Calculator";
			};
			name = Release;
		};
/* End XCBuildConfiguration section */

/* Begin XCConfigurationList section */
		64500B3E1E5803A700B2B9C9 /* Build configuration list for PBXProject "Tip Calculator" */ = {
			isa = XCConfigurationList;
			buildConfigurations = (
				64500B691E5803A900B2B9C9 /* Debug */,
				64500B6A1E5803A900B2B9C9 /* Release */,
			);
			defaultConfigurationIsVisible = 0;
			defaultConfigurationName = Release;
		};
		64500B6B1E5803A900B2B9C9 /* Build configuration list for PBXNativeTarget "Tip Calculator" */ = {
			isa = XCConfigurationList;
			buildConfigurations = (
				64500B6C1E5803A900B2B9C9 /* Debug */,
				64500B6D1E5803A900B2B9C9 /* Release */,
			);
			defaultConfigurationIsVisible = 0;
		};
		64500B6E1E5803A900B2B9C9 /* Build configuration list for PBXNativeTarget "Tip CalculatorTests" */ = {
			isa = XCConfigurationList;
			buildConfigurations = (
				64500B6F1E5803A900B2B9C9 /* Debug */,
				64500B701E5803A900B2B9C9 /* Release */,
			);
			defaultConfigurationIsVisible = 0;
		};
		64500B711E5803A900B2B9C9 /* Build configuration list for PBXNativeTarget "Tip CalculatorUITests" */ = {
			isa = XCConfigurationList;
			buildConfigurations = (
				64500B721E5803A900B2B9C9 /* Debug */,
				64500B731E5803A900B2B9C9 /* Release */,
			);
			defaultConfigurationIsVisible = 0;
		};
/* End XCConfigurationList section */
	};
	rootObject = 64500B3B1E5803A700B2B9C9 /* Project object */;
}
